
Microsoft Visual Studio Solution File, Format Version 12.00
# Visual Studio Version 16
VisualStudioVersion = 16.0.32630.194
MinimumVisualStudioVersion = 10.0.40219.1
Project("{FAE04EC0-301F-11D3-BF4B-00C04F79EFBC}") = "FialBP", "FialBP\FialBP.csproj", "{25AE9EFB-45F4-4B72-B001-3F462821A50A}"
EndProject
Global
	GlobalSection(SolutionConfigurationPlatforms) = preSolution
		Debug|Any CPU = Debug|Any CPU
		Release|Any CPU = Release|Any CPU
	EndGlobalSection
	GlobalSection(ProjectConfigurationPlatforms) = postSolution
		{25AE9EFB-45F4-4B72-B001-3F462821A50A}.Debug|Any CPU.ActiveCfg = Debug|Any CPU
		{25AE9EFB-45F4-4B72-B001-3F462821A50A}.Debug|Any CPU.Build.0 = Debug|Any CPU
		{25AE9EFB-45F4-4B72-B001-3F462821A50A}.Release|Any CPU.ActiveCfg = Release|Any CPU
		{25AE9EFB-45F4-4B72-B001-3F462821A50A}.Release|Any CPU.Build.0 = Release|Any CPU
	EndGlobalSection
	GlobalSection(SolutionProperties) = preSolution
		HideSolutionNode = FALSE
	EndGlobalSection
	GlobalSection(ExtensibilityGlobals) = postSolution
		SolutionGuid = {949402BF-31E5-4A1A-84FE-AF61167813B0}
	EndGlobalSection
EndGlobal
